
Microsoft Visual Studio Solution File, Format Version 12.00
# Visual Studio 2012
Project("{FAE04EC0-301F-11D3-BF4B-00C04F79EFBC}") = "Ndot", "Ndot\Ndot.csproj", "{D439A506-A30B-488E-8EF7-2A72FE90B2D6}"
EndProject
Project("{FAE04EC0-301F-11D3-BF4B-00C04F79EFBC}") = "Ndot.Tests", "Ndot.Tests\Ndot.Tests.csproj", "{493A295F-C597-4327-9E37-56417569F2F9}"
EndProject
Global
	GlobalSection(SolutionConfigurationPlatforms) = preSolution
		Debug|Any CPU = Debug|Any CPU
		Release|Any CPU = Release|Any CPU
	EndGlobalSection
	GlobalSection(ProjectConfigurationPlatforms) = postSolution
		{D439A506-A30B-488E-8EF7-2A72FE90B2D6}.Debug|Any CPU.ActiveCfg = Debug|Any CPU
		{D439A506-A30B-488E-8EF7-2A72FE90B2D6}.Debug|Any CPU.Build.0 = Debug|Any CPU
		{D439A506-A30B-488E-8EF7-2A72FE90B2D6}.Release|Any CPU.ActiveCfg = Release|Any CPU
		{D439A506-A30B-488E-8EF7-2A72FE90B2D6}.Release|Any CPU.Build.0 = Release|Any CPU
		{493A295F-C597-4327-9E37-56417569F2F9}.Debug|Any CPU.ActiveCfg = Debug|Any CPU
		{493A295F-C597-4327-9E37-56417569F2F9}.Debug|Any CPU.Build.0 = Debug|Any CPU
		{493A295F-C597-4327-9E37-56417569F2F9}.Release|Any CPU.ActiveCfg = Release|Any CPU
		{493A295F-C597-4327-9E37-56417569F2F9}.Release|Any CPU.Build.0 = Release|Any CPU
	EndGlobalSection
	GlobalSection(SolutionProperties) = preSolution
		HideSolutionNode = FALSE
	EndGlobalSection
	GlobalSection(ExtensibilityGlobals) = postSolution
		EnterpriseLibraryConfigurationToolBinariesPath = packages\Unity.2.1.505.2\lib\NET35
		EnterpriseLibraryConfigurationToolBinariesPathV6 = packages\EnterpriseLibrary.Common.6.0.1304.0\lib\NET45;packages\EnterpriseLibrary.Logging.6.0.1304.0\lib\NET45
	EndGlobalSection
EndGlobal
